
Microsoft Visual Studio Solution File, Format Version 12.00
# Visual Studio 16
Project("{8BC9CEB8-8B4A-11D0-8D11-00A0C91BC942}") = "Sandbox", "Sandbox\Sandbox.vcxproj", "{F4C124E3-60A1-A37E-69B9-2E55D5170AE0}"
EndProject
Project("{2150E333-8FDC-42A3-9474-1A3956D46DE8}") = "Dependencies", "Dependencies", "{53E47842-3FC8-3998-A828-34EB942B241A}"
EndProject
Project("{2150E333-8FDC-42A3-9474-1A3956D46DE8}") = "Rendering", "Rendering", "{6071E8CE-4C2C-D87A-F5E3-50C5E17D220B}"
EndProject
Project("{8BC9CEB8-8B4A-11D0-8D11-00A0C91BC942}") = "Glad", "ModView-Core\vendor\GLAD\Glad.vcxproj", "{BDD6857C-A90D-870D-52FA-6C103E10030F}"
EndProject
Project("{8BC9CEB8-8B4A-11D0-8D11-00A0C91BC942}") = "Glfw", "ModView-Core\vendor\GLFW\Glfw.vcxproj", "{75D7857C-610E-870D-0AFB-6C10F610030F}"
EndProject
Project("{8BC9CEB8-8B4A-11D0-8D11-00A0C91BC942}") = "ModView-Core", "ModView-Core\ModView-Core.vcxproj", "{B6379CF9-A29A-2B9E-4B20-64543762F720}"
EndProject
Global
	GlobalSection(SolutionConfigurationPlatforms) = preSolution
		Debug|Win32 = Debug|Win32
		Release|Win32 = Release|Win32
	EndGlobalSection
	GlobalSection(ProjectConfigurationPlatforms) = postSolution
		{F4C124E3-60A1-A37E-69B9-2E55D5170AE0}.Debug|Win32.ActiveCfg = Debug|Win32
		{F4C124E3-60A1-A37E-69B9-2E55D5170AE0}.Debug|Win32.Build.0 = Debug|Win32
		{F4C124E3-60A1-A37E-69B9-2E55D5170AE0}.Release|Win32.ActiveCfg = Release|Win32
		{F4C124E3-60A1-A37E-69B9-2E55D5170AE0}.Release|Win32.Build.0 = Release|Win32
		{BDD6857C-A90D-870D-52FA-6C103E10030F}.Debug|Win32.ActiveCfg = Debug|Win32
		{BDD6857C-A90D-870D-52FA-6C103E10030F}.Debug|Win32.Build.0 = Debug|Win32
		{BDD6857C-A90D-870D-52FA-6C103E10030F}.Release|Win32.ActiveCfg = Release|Win32
		{BDD6857C-A90D-870D-52FA-6C103E10030F}.Release|Win32.Build.0 = Release|Win32
		{75D7857C-610E-870D-0AFB-6C10F610030F}.Debug|Win32.ActiveCfg = Debug|Win32
		{75D7857C-610E-870D-0AFB-6C10F610030F}.Debug|Win32.Build.0 = Debug|Win32
		{75D7857C-610E-870D-0AFB-6C10F610030F}.Release|Win32.ActiveCfg = Release|Win32
		{75D7857C-610E-870D-0AFB-6C10F610030F}.Release|Win32.Build.0 = Release|Win32
		{B6379CF9-A29A-2B9E-4B20-64543762F720}.Debug|Win32.ActiveCfg = Debug|Win32
		{B6379CF9-A29A-2B9E-4B20-64543762F720}.Debug|Win32.Build.0 = Debug|Win32
		{B6379CF9-A29A-2B9E-4B20-64543762F720}.Release|Win32.ActiveCfg = Release|Win32
		{B6379CF9-A29A-2B9E-4B20-64543762F720}.Release|Win32.Build.0 = Release|Win32
	EndGlobalSection
	GlobalSection(SolutionProperties) = preSolution
		HideSolutionNode = FALSE
	EndGlobalSection
	GlobalSection(NestedProjects) = preSolution
		{6071E8CE-4C2C-D87A-F5E3-50C5E17D220B} = {53E47842-3FC8-3998-A828-34EB942B241A}
		{BDD6857C-A90D-870D-52FA-6C103E10030F} = {6071E8CE-4C2C-D87A-F5E3-50C5E17D220B}
		{75D7857C-610E-870D-0AFB-6C10F610030F} = {6071E8CE-4C2C-D87A-F5E3-50C5E17D220B}
	EndGlobalSection
EndGlobal
